{
  "name": "validate_rels",
  "version": "1.0.0",
  "lockfileVersion": 3,
  "requires": true,
  "packages": {
    "": {
      "name": "validate_rels",
      "version": "1.0.0",
      "license": "MIT",
      "dependencies": {
        "jsonpath-plus": "^8.1.0"
      }
    },
    "node_modules/jsonpath-plus": {
      "version": "8.1.0",
      "resolved": "https://registry.npmjs.org/jsonpath-plus/-/jsonpath-plus-8.1.0.tgz",
      "integrity": "sha512-qVTiuKztFGw0dGhYi3WNqvddx3/SHtyDT0xJaeyz4uP0d1tkpG+0y5uYQ4OcIo1TLAz3PE/qDOW9F0uDt3+CTw==",
      "bin": {
        "jsonpath": "bin/jsonpath-cli.js",
        "jsonpath-plus": "bin/jsonpath-cli.js"
      },
      "engines": {
        "node": ">=14.0.0"
      }
    }
  }
}
